
Microsoft Visual Studio Solution File, Format Version 12.00
# Visual Studio Version 17
VisualStudioVersion = 17.8.34309.116
MinimumVisualStudioVersion = 10.0.40219.1
Project("{FAE04EC0-301F-11D3-BF4B-00C04F79EFBC}") = "Project_elibrary", "Project_elibrary.csproj", "{5FE693A5-06FC-436B-B1C7-E1B1F396A303}"
EndProject
Global
	GlobalSection(SolutionConfigurationPlatforms) = preSolution
		Debug|Any CPU = Debug|Any CPU
		Release|Any CPU = Release|Any CPU
	EndGlobalSection
	GlobalSection(ProjectConfigurationPlatforms) = postSolution
		{5FE693A5-06FC-436B-B1C7-E1B1F396A303}.Debug|Any CPU.ActiveCfg = Debug|Any CPU
		{5FE693A5-06FC-436B-B1C7-E1B1F396A303}.Debug|Any CPU.Build.0 = Debug|Any CPU
		{5FE693A5-06FC-436B-B1C7-E1B1F396A303}.Release|Any CPU.ActiveCfg = Release|Any CPU
		{5FE693A5-06FC-436B-B1C7-E1B1F396A303}.Release|Any CPU.Build.0 = Release|Any CPU
	EndGlobalSection
	GlobalSection(SolutionProperties) = preSolution
		HideSolutionNode = FALSE
	EndGlobalSection
	GlobalSection(ExtensibilityGlobals) = postSolution
		SolutionGuid = {5A3EF24B-DDEC-49C5-B2E5-6F3AA12C144F}
	EndGlobalSection
EndGlobal
